
Microsoft Visual Studio Solution File, Format Version 12.00
# Visual Studio Version 16
VisualStudioVersion = 16.0.30804.86
MinimumVisualStudioVersion = 10.0.40219.1
Project("{00D1A9C2-B5F0-4AF3-8072-F6C62B433612}") = "SQLHotelDB", "SQLHotelDB\SQLHotelDB.sqlproj", "{143A6844-EABF-47F5-B0A8-23C0DA3EB3CC}"
EndProject
Project("{9A19103F-16F7-4668-BE54-9A1E7A4F7556}") = "HotelAppLibrary", "HotelAppLibrary\HotelAppLibrary.csproj", "{B304CF2A-BFE8-412D-B033-8A8B415BAF7B}"
EndProject
Project("{9A19103F-16F7-4668-BE54-9A1E7A4F7556}") = "HotelApp.Web", "HotelApp.Web\HotelApp.Web.csproj", "{12864717-C161-4484-9019-789C4F08C904}"
EndProject
Global
	GlobalSection(SolutionConfigurationPlatforms) = preSolution
		Debug|Any CPU = Debug|Any CPU
		Release|Any CPU = Release|Any CPU
	EndGlobalSection
	GlobalSection(ProjectConfigurationPlatforms) = postSolution
		{143A6844-EABF-47F5-B0A8-23C0DA3EB3CC}.Debug|Any CPU.ActiveCfg = Debug|Any CPU
		{143A6844-EABF-47F5-B0A8-23C0DA3EB3CC}.Debug|Any CPU.Build.0 = Debug|Any CPU
		{143A6844-EABF-47F5-B0A8-23C0DA3EB3CC}.Debug|Any CPU.Deploy.0 = Debug|Any CPU
		{143A6844-EABF-47F5-B0A8-23C0DA3EB3CC}.Release|Any CPU.ActiveCfg = Release|Any CPU
		{143A6844-EABF-47F5-B0A8-23C0DA3EB3CC}.Release|Any CPU.Build.0 = Release|Any CPU
		{143A6844-EABF-47F5-B0A8-23C0DA3EB3CC}.Release|Any CPU.Deploy.0 = Release|Any CPU
		{B304CF2A-BFE8-412D-B033-8A8B415BAF7B}.Debug|Any CPU.ActiveCfg = Debug|Any CPU
		{B304CF2A-BFE8-412D-B033-8A8B415BAF7B}.Debug|Any CPU.Build.0 = Debug|Any CPU
		{B304CF2A-BFE8-412D-B033-8A8B415BAF7B}.Release|Any CPU.ActiveCfg = Release|Any CPU
		{B304CF2A-BFE8-412D-B033-8A8B415BAF7B}.Release|Any CPU.Build.0 = Release|Any CPU
		{12864717-C161-4484-9019-789C4F08C904}.Debug|Any CPU.ActiveCfg = Debug|Any CPU
		{12864717-C161-4484-9019-789C4F08C904}.Debug|Any CPU.Build.0 = Debug|Any CPU
		{12864717-C161-4484-9019-789C4F08C904}.Release|Any CPU.ActiveCfg = Release|Any CPU
		{12864717-C161-4484-9019-789C4F08C904}.Release|Any CPU.Build.0 = Release|Any CPU
	EndGlobalSection
	GlobalSection(SolutionProperties) = preSolution
		HideSolutionNode = FALSE
	EndGlobalSection
	GlobalSection(ExtensibilityGlobals) = postSolution
		SolutionGuid = {FF29E069-818B-41FD-9122-383DCDDF8F2F}
	EndGlobalSection
EndGlobal
